{
  "object": {
    "pins": [
      {
        "package": "QCAlertView",
        "repositoryURL": "https://github.com/krunalVanwari/QCAlertView",
        "state": {
          "branch": "main",
          "revision": "aaee550e5f0eefec445b2266b08f12d5adeb98d4",
          "version": null
        }
      }
    ]
  },
  "version": 1
}
