{
  "object": {
    "pins": [
      {
        "package": "QCAlertView",
        "repositoryURL": "https://github.com/krunalVanwari/QCAlertView",
        "state": {
          "branch": "main",
          "revision": "065f3dc3d770d0e3784c0f4264ac1baf4625da91",
          "version": null
        }
      }
    ]
  },
  "version": 1
}
